
Microsoft Visual Studio Solution File, Format Version 12.00
# Visual Studio Version 17
VisualStudioVersion = 17.10.34928.147
MinimumVisualStudioVersion = 10.0.40219.1
Project("{9A19103F-16F7-4668-BE54-9A1E7A4F7556}") = "ToDoApp", "ToDoApp\ToDoApp.csproj", "{F43E2CF9-F24C-405F-B406-3ECA1FD69622}"
EndProject
Project("{9A19103F-16F7-4668-BE54-9A1E7A4F7556}") = "ToDoApp.Data", "ToDoApp.Data\ToDoApp.Data.csproj", "{89AB0134-4045-48C9-9D86-693C2288F9D3}"
EndProject
Project("{9A19103F-16F7-4668-BE54-9A1E7A4F7556}") = "ToDoApp.Api", "ToDoApp.Api\ToDoApp.Api.csproj", "{BCB8B4D6-7009-45D7-A2A7-CE3F006855A9}"
EndProject
Project("{FAE04EC0-301F-11D3-BF4B-00C04F79EFBC}") = "ToDoApp.Services", "ToDoApp.Services\ToDoApp.Services.csproj", "{56A061EC-D846-43E4-88AA-FB521F370BE2}"
EndProject
Global
	GlobalSection(SolutionConfigurationPlatforms) = preSolution
		Debug|Any CPU = Debug|Any CPU
		Release|Any CPU = Release|Any CPU
	EndGlobalSection
	GlobalSection(ProjectConfigurationPlatforms) = postSolution
		{F43E2CF9-F24C-405F-B406-3ECA1FD69622}.Debug|Any CPU.ActiveCfg = Debug|Any CPU
		{F43E2CF9-F24C-405F-B406-3ECA1FD69622}.Debug|Any CPU.Build.0 = Debug|Any CPU
		{F43E2CF9-F24C-405F-B406-3ECA1FD69622}.Release|Any CPU.ActiveCfg = Release|Any CPU
		{F43E2CF9-F24C-405F-B406-3ECA1FD69622}.Release|Any CPU.Build.0 = Release|Any CPU
		{89AB0134-4045-48C9-9D86-693C2288F9D3}.Debug|Any CPU.ActiveCfg = Debug|Any CPU
		{89AB0134-4045-48C9-9D86-693C2288F9D3}.Debug|Any CPU.Build.0 = Debug|Any CPU
		{89AB0134-4045-48C9-9D86-693C2288F9D3}.Release|Any CPU.ActiveCfg = Release|Any CPU
		{89AB0134-4045-48C9-9D86-693C2288F9D3}.Release|Any CPU.Build.0 = Release|Any CPU
		{BCB8B4D6-7009-45D7-A2A7-CE3F006855A9}.Debug|Any CPU.ActiveCfg = Debug|Any CPU
		{BCB8B4D6-7009-45D7-A2A7-CE3F006855A9}.Debug|Any CPU.Build.0 = Debug|Any CPU
		{BCB8B4D6-7009-45D7-A2A7-CE3F006855A9}.Release|Any CPU.ActiveCfg = Release|Any CPU
		{BCB8B4D6-7009-45D7-A2A7-CE3F006855A9}.Release|Any CPU.Build.0 = Release|Any CPU
		{56A061EC-D846-43E4-88AA-FB521F370BE2}.Debug|Any CPU.ActiveCfg = Debug|Any CPU
		{56A061EC-D846-43E4-88AA-FB521F370BE2}.Debug|Any CPU.Build.0 = Debug|Any CPU
		{56A061EC-D846-43E4-88AA-FB521F370BE2}.Release|Any CPU.ActiveCfg = Release|Any CPU
		{56A061EC-D846-43E4-88AA-FB521F370BE2}.Release|Any CPU.Build.0 = Release|Any CPU
	EndGlobalSection
	GlobalSection(SolutionProperties) = preSolution
		HideSolutionNode = FALSE
	EndGlobalSection
	GlobalSection(ExtensibilityGlobals) = postSolution
		SolutionGuid = {FB31EC72-6637-434A-B309-D644180EFC6D}
	EndGlobalSection
EndGlobal
